{
  "name": "array-toolkit",
  "version": "2.2.2",
  "lockfileVersion": 3,
  "requires": true,
  "packages": {
    "": {
      "name": "array-toolkit",
      "version": "2.2.2",
      "license": "GPL-3.0",
      "dependencies": {
        "array-toolkit": "^2.2.2",
        "ramda": "^0.28.0"
      }
    },
    "node_modules/array-toolkit": {
      "version": "2.2.2",
      "resolved": "https://registry.npmjs.org/array-toolkit/-/array-toolkit-2.2.2.tgz",
      "integrity": "sha512-l0qGBoXCTYh4TwB1NoH8vkSq/L+2dzP36WXJUYQ/1bI4Obk+p8zT6WYXxoroWc6IbD0SaHPwzs5eG9tiKubgQg==",
      "dependencies": {
        "array-toolkit": "^2.0.2",
        "ramda": "^0.28.0"
      }
    },
    "node_modules/ramda": {
      "version": "0.28.0",
      "resolved": "https://registry.npmjs.org/ramda/-/ramda-0.28.0.tgz",
      "integrity": "sha512-9QnLuG/kPVgWvMQ4aODhsBUFKOUmnbUnsSXACv+NCQZcHbeb+v8Lodp8OVxtRULN1/xOyYLLaL6npE6dMq5QTA==",
      "funding": {
        "type": "opencollective",
        "url": "https://opencollective.com/ramda"
      }
    }
  }
}
